
Microsoft Visual Studio Solution File, Format Version 12.00
# Visual Studio 15
VisualStudioVersion = 15.0.34930.48
MinimumVisualStudioVersion = 10.0.40219.1
Project("{FAE04EC0-301F-11D3-BF4B-00C04F79EFBC}") = "DetectionObject.Module", "DetectionObject.Module\DetectionObject.Module.csproj", "{3C06B4E1-0D32-43D1-9F30-68E5AB236FCF}"
EndProject
Project("{FAE04EC0-301F-11D3-BF4B-00C04F79EFBC}") = "DetectionObject.Module.Web", "DetectionObject.Module.Web\DetectionObject.Module.Web.csproj", "{B67C11BC-041C-438B-B38E-2BE727DE13D8}"
EndProject
Project("{FAE04EC0-301F-11D3-BF4B-00C04F79EFBC}") = "DetectionObject.Web", "DetectionObject.Web\DetectionObject.Web.csproj", "{608C3B59-7039-446E-939B-688DA6139E32}"
EndProject
Global
	GlobalSection(SolutionConfigurationPlatforms) = preSolution
		Debug|Any CPU = Debug|Any CPU
		EasyTest|Any CPU = EasyTest|Any CPU
		Release|Any CPU = Release|Any CPU
	EndGlobalSection
	GlobalSection(ProjectConfigurationPlatforms) = postSolution
		{3C06B4E1-0D32-43D1-9F30-68E5AB236FCF}.Debug|Any CPU.ActiveCfg = Debug|Any CPU
		{3C06B4E1-0D32-43D1-9F30-68E5AB236FCF}.Debug|Any CPU.Build.0 = Debug|Any CPU
		{3C06B4E1-0D32-43D1-9F30-68E5AB236FCF}.EasyTest|Any CPU.ActiveCfg = EasyTest|Any CPU
		{3C06B4E1-0D32-43D1-9F30-68E5AB236FCF}.EasyTest|Any CPU.Build.0 = EasyTest|Any CPU
		{3C06B4E1-0D32-43D1-9F30-68E5AB236FCF}.Release|Any CPU.ActiveCfg = Release|Any CPU
		{3C06B4E1-0D32-43D1-9F30-68E5AB236FCF}.Release|Any CPU.Build.0 = Release|Any CPU
		{B67C11BC-041C-438B-B38E-2BE727DE13D8}.Debug|Any CPU.ActiveCfg = Debug|Any CPU
		{B67C11BC-041C-438B-B38E-2BE727DE13D8}.Debug|Any CPU.Build.0 = Debug|Any CPU
		{B67C11BC-041C-438B-B38E-2BE727DE13D8}.EasyTest|Any CPU.ActiveCfg = EasyTest|Any CPU
		{B67C11BC-041C-438B-B38E-2BE727DE13D8}.EasyTest|Any CPU.Build.0 = EasyTest|Any CPU
		{B67C11BC-041C-438B-B38E-2BE727DE13D8}.Release|Any CPU.ActiveCfg = Release|Any CPU
		{B67C11BC-041C-438B-B38E-2BE727DE13D8}.Release|Any CPU.Build.0 = Release|Any CPU
		{608C3B59-7039-446E-939B-688DA6139E32}.Debug|Any CPU.ActiveCfg = Debug|Any CPU
		{608C3B59-7039-446E-939B-688DA6139E32}.Debug|Any CPU.Build.0 = Debug|Any CPU
		{608C3B59-7039-446E-939B-688DA6139E32}.EasyTest|Any CPU.ActiveCfg = EasyTest|Any CPU
		{608C3B59-7039-446E-939B-688DA6139E32}.EasyTest|Any CPU.Build.0 = EasyTest|Any CPU
		{608C3B59-7039-446E-939B-688DA6139E32}.Release|Any CPU.ActiveCfg = Release|Any CPU
		{608C3B59-7039-446E-939B-688DA6139E32}.Release|Any CPU.Build.0 = Release|Any CPU
	EndGlobalSection
	GlobalSection(SolutionProperties) = preSolution
		HideSolutionNode = FALSE
	EndGlobalSection
	GlobalSection(ExtensibilityGlobals) = postSolution
		SolutionGuid = {8BE15F87-E484-46EE-B266-706CC3E6A6EA}
	EndGlobalSection
EndGlobal
